version = 1
revision = 3
requires-python = ">=3.13"

[[package]]
name = "beautifulsoup4"
version = "4.13.5"
source = { registry = "https://pypi.org/simple" }
dependencies = [
    { name = "soupsieve" },
    { name = "typing-extensions" },
]
sdist = { url = "https://files.pythonhosted.org/packages/85/2e/3e5079847e653b1f6dc647aa24549d68c6addb4c595cc0d902d1b19308ad/beautifulsoup4-4.13.5.tar.gz", hash = "sha256:5e70131382930e7c3de33450a2f54a63d5e4b19386eab43a5b34d594268f3695", size = 622954, upload-time = "2025-08-24T14:06:13.168Z" }
wheels = [
    { url = "https://files.pythonhosted.org/packages/04/eb/f4151e0c7377a6e08a38108609ba5cede57986802757848688aeedd1b9e8/beautifulsoup4-4.13.5-py3-none-any.whl", hash = "sha256:642085eaa22233aceadff9c69651bc51e8bf3f874fb6d7104ece2beb24b47c4a", size = 105113, upload-time = "2025-08-24T14:06:14.884Z" },
]

[[package]]
name = "certifi"
version = "2025.8.3"
source = { registry = "https://pypi.org/simple" }
sdist = { url = "https://files.pythonhosted.org/packages/dc/67/960ebe6bf230a96cda2e0abcf73af550ec4f090005363542f0765df162e0/certifi-2025.8.3.tar.gz", hash = "sha256:e564105f78ded564e3ae7c923924435e1daa7463faeab5bb932bc53ffae63407", size = 162386, upload-time = "2025-08-03T03:07:47.08Z" }
wheels = [
    { url = "https://files.pythonhosted.org/packages/e5/48/1549795ba7742c948d2ad169c1c8cdbae65bc450d6cd753d124b17c8cd32/certifi-2025.8.3-py3-none-any.whl", hash = "sha256:f6c12493cfb1b06ba2ff328595af9350c65d6644968e5d3a2ffd78699af217a5", size = 161216, upload-time = "2025-08-03T03:07:45.777Z" },
]

[[package]]
name = "charset-normalizer"
version = "3.4.3"
source = { registry = "https://pypi.org/simple" }
sdist = { url = "https://files.pythonhosted.org/packages/83/2d/5fd176ceb9b2fc619e63405525573493ca23441330fcdaee6bef9460e924/charset_normalizer-3.4.3.tar.gz", hash = "sha256:6fce4b8500244f6fcb71465d4a4930d132ba9ab8e71a7859e6a5d59851068d14", size = 122371, upload-time = "2025-08-09T07:57:28.46Z" }
wheels = [
    { url = "https://files.pythonhosted.org/packages/65/ca/2135ac97709b400c7654b4b764daf5c5567c2da45a30cdd20f9eefe2d658/charset_normalizer-3.4.3-cp313-cp313-macosx_10_13_universal2.whl", hash = "sha256:14c2a87c65b351109f6abfc424cab3927b3bdece6f706e4d12faaf3d52ee5efe", size = 205326, upload-time = "2025-08-09T07:56:24.721Z" },
    { url = "https://files.pythonhosted.org/packages/71/11/98a04c3c97dd34e49c7d247083af03645ca3730809a5509443f3c37f7c99/charset_normalizer-3.4.3-cp313-cp313-manylinux2014_aarch64.manylinux_2_17_aarch64.manylinux_2_28_aarch64.whl", hash = "sha256:41d1fc408ff5fdfb910200ec0e74abc40387bccb3252f3f27c0676731df2b2c8", size = 146008, upload-time = "2025-08-09T07:56:26.004Z" },
    { url = "https://files.pythonhosted.org/packages/60/f5/4659a4cb3c4ec146bec80c32d8bb16033752574c20b1252ee842a95d1a1e/charset_normalizer-3.4.3-cp313-cp313-manylinux2014_ppc64le.manylinux_2_17_ppc64le.manylinux_2_28_ppc64le.whl", hash = "sha256:1bb60174149316da1c35fa5233681f7c0f9f514509b8e399ab70fea5f17e45c9", size = 159196, upload-time = "2025-08-09T07:56:27.25Z" },
    { url = "https://files.pythonhosted.org/packages/86/9e/f552f7a00611f168b9a5865a1414179b2c6de8235a4fa40189f6f79a1753/charset_normalizer-3.4.3-cp313-cp313-manylinux2014_s390x.manylinux_2_17_s390x.manylinux_2_28_s390x.whl", hash = "sha256:30d006f98569de3459c2fc1f2acde170b7b2bd265dc1943e87e1a4efe1b67c31", size = 156819, upload-time = "2025-08-09T07:56:28.515Z" },
    { url = "https://files.pythonhosted.org/packages/7e/95/42aa2156235cbc8fa61208aded06ef46111c4d3f0de233107b3f38631803/charset_normalizer-3.4.3-cp313-cp313-manylinux2014_x86_64.manylinux_2_17_x86_64.manylinux_2_28_x86_64.whl", hash = "sha256:416175faf02e4b0810f1f38bcb54682878a4af94059a1cd63b8747244420801f", size = 151350, upload-time = "2025-08-09T07:56:29.716Z" },
    { url = "https://files.pythonhosted.org/packages/c2/a9/3865b02c56f300a6f94fc631ef54f0a8a29da74fb45a773dfd3dcd380af7/charset_normalizer-3.4.3-cp313-cp313-musllinux_1_2_aarch64.whl", hash = "sha256:6aab0f181c486f973bc7262a97f5aca3ee7e1437011ef0c2ec04b5a11d16c927", size = 148644, upload-time = "2025-08-09T07:56:30.984Z" },
    { url = "https://files.pythonhosted.org/packages/77/d9/cbcf1a2a5c7d7856f11e7ac2d782aec12bdfea60d104e60e0aa1c97849dc/charset_normalizer-3.4.3-cp313-cp313-musllinux_1_2_ppc64le.whl", hash = "sha256:fdabf8315679312cfa71302f9bd509ded4f2f263fb5b765cf1433b39106c3cc9", size = 160468, upload-time = "2025-08-09T07:56:32.252Z" },
    { url = "https://files.pythonhosted.org/packages/f6/42/6f45efee8697b89fda4d50580f292b8f7f9306cb2971d4b53f8914e4d890/charset_normalizer-3.4.3-cp313-cp313-musllinux_1_2_s390x.whl", hash = "sha256:bd28b817ea8c70215401f657edef3a8aa83c29d447fb0b622c35403780ba11d5", size = 158187, upload-time = "2025-08-09T07:56:33.481Z" },
    { url = "https://files.pythonhosted.org/packages/70/99/f1c3bdcfaa9c45b3ce96f70b14f070411366fa19549c1d4832c935d8e2c3/charset_normalizer-3.4.3-cp313-cp313-musllinux_1_2_x86_64.whl", hash = "sha256:18343b2d246dc6761a249ba1fb13f9ee9a2bcd95decc767319506056ea4ad4dc", size = 152699, upload-time = "2025-08-09T07:56:34.739Z" },
    { url = "https://files.pythonhosted.org/packages/a3/ad/b0081f2f99a4b194bcbb1934ef3b12aa4d9702ced80a37026b7607c72e58/charset_normalizer-3.4.3-cp313-cp313-win32.whl", hash = "sha256:6fb70de56f1859a3f71261cbe41005f56a7842cc348d3aeb26237560bfa5e0ce", size = 99580, upload-time = "2025-08-09T07:56:35.981Z" },
    { url = "https://files.pythonhosted.org/packages/9a/8f/ae790790c7b64f925e5c953b924aaa42a243fb778fed9e41f147b2a5715a/charset_normalizer-3.4.3-cp313-cp313-win_amd64.whl", hash = "sha256:cf1ebb7d78e1ad8ec2a8c4732c7be2e736f6e5123a4146c5b89c9d1f585f8cef", size = 107366, upload-time = "2025-08-09T07:56:37.339Z" },
    { url = "https://files.pythonhosted.org/packages/8e/91/b5a06ad970ddc7a0e513112d40113e834638f4ca1120eb727a249fb2715e/charset_normalizer-3.4.3-cp314-cp314-macosx_10_13_universal2.whl", hash = "sha256:3cd35b7e8aedeb9e34c41385fda4f73ba609e561faedfae0a9e75e44ac558a15", size = 204342, upload-time = "2025-08-09T07:56:38.687Z" },
    { url = "https://files.pythonhosted.org/packages/ce/ec/1edc30a377f0a02689342f214455c3f6c2fbedd896a1d2f856c002fc3062/charset_normalizer-3.4.3-cp314-cp314-manylinux2014_aarch64.manylinux_2_17_aarch64.manylinux_2_28_aarch64.whl", hash = "sha256:b89bc04de1d83006373429975f8ef9e7932534b8cc9ca582e4db7d20d91816db", size = 145995, upload-time = "2025-08-09T07:56:40.048Z" },
    { url = "https://files.pythonhosted.org/packages/17/e5/5e67ab85e6d22b04641acb5399c8684f4d37caf7558a53859f0283a650e9/charset_normalizer-3.4.3-cp314-cp314-manylinux2014_ppc64le.manylinux_2_17_ppc64le.manylinux_2_28_ppc64le.whl", hash = "sha256:2001a39612b241dae17b4687898843f254f8748b796a2e16f1051a17078d991d", size = 158640, upload-time = "2025-08-09T07:56:41.311Z" },
    { url = "https://files.pythonhosted.org/packages/f1/e5/38421987f6c697ee3722981289d554957c4be652f963d71c5e46a262e135/charset_normalizer-3.4.3-cp314-cp314-manylinux2014_s390x.manylinux_2_17_s390x.manylinux_2_28_s390x.whl", hash = "sha256:8dcfc373f888e4fb39a7bc57e93e3b845e7f462dacc008d9749568b1c4ece096", size = 156636, upload-time = "2025-08-09T07:56:43.195Z" },
    { url = "https://files.pythonhosted.org/packages/a0/e4/5a075de8daa3ec0745a9a3b54467e0c2967daaaf2cec04c845f73493e9a1/charset_normalizer-3.4.3-cp314-cp314-manylinux2014_x86_64.manylinux_2_17_x86_64.manylinux_2_28_x86_64.whl", hash = "sha256:18b97b8404387b96cdbd30ad660f6407799126d26a39ca65729162fd810a99aa", size = 150939, upload-time = "2025-08-09T07:56:44.819Z" },
    { url = "https://files.pythonhosted.org/packages/02/f7/3611b32318b30974131db62b4043f335861d4d9b49adc6d57c1149cc49d4/charset_normalizer-3.4.3-cp314-cp314-musllinux_1_2_aarch64.whl", hash = "sha256:ccf600859c183d70eb47e05a44cd80a4ce77394d1ac0f79dbd2dd90a69a3a049", size = 148580, upload-time = "2025-08-09T07:56:46.684Z" },
    { url = "https://files.pythonhosted.org/packages/7e/61/19b36f4bd67f2793ab6a99b979b4e4f3d8fc754cbdffb805335df4337126/charset_normalizer-3.4.3-cp314-cp314-musllinux_1_2_ppc64le.whl", hash = "sha256:53cd68b185d98dde4ad8990e56a58dea83a4162161b1ea9272e5c9182ce415e0", size = 159870, upload-time = "2025-08-09T07:56:47.941Z" },
    { url = "https://files.pythonhosted.org/packages/06/57/84722eefdd338c04cf3030ada66889298eaedf3e7a30a624201e0cbe424a/charset_normalizer-3.4.3-cp314-cp314-musllinux_1_2_s390x.whl", hash = "sha256:30a96e1e1f865f78b030d65241c1ee850cdf422d869e9028e2fc1d5e4db73b92", size = 157797, upload-time = "2025-08-09T07:56:49.756Z" },
    { url = "https://files.pythonhosted.org/packages/72/2a/aff5dd112b2f14bcc3462c312dce5445806bfc8ab3a7328555da95330e4b/charset_normalizer-3.4.3-cp314-cp314-musllinux_1_2_x86_64.whl", hash = "sha256:d716a916938e03231e86e43782ca7878fb602a125a91e7acb8b5112e2e96ac16", size = 152224, upload-time = "2025-08-09T07:56:51.369Z" },
    { url = "https://files.pythonhosted.org/packages/b7/8c/9839225320046ed279c6e839d51f028342eb77c91c89b8ef2549f951f3ec/charset_normalizer-3.4.3-cp314-cp314-win32.whl", hash = "sha256:c6dbd0ccdda3a2ba7c2ecd9d77b37f3b5831687d8dc1b6ca5f56a4880cc7b7ce", size = 100086, upload-time = "2025-08-09T07:56:52.722Z" },
    { url = "https://files.pythonhosted.org/packages/ee/7a/36fbcf646e41f710ce0a563c1c9a343c6edf9be80786edeb15b6f62e17db/charset_normalizer-3.4.3-cp314-cp314-win_amd64.whl", hash = "sha256:73dc19b562516fc9bcf6e5d6e596df0b4eb98d87e4f79f3ae71840e6ed21361c", size = 107400, upload-time = "2025-08-09T07:56:55.172Z" },
    { url = "https://files.pythonhosted.org/packages/8a/1f/f041989e93b001bc4e44bb1669ccdcf54d3f00e628229a85b08d330615c5/charset_normalizer-3.4.3-py3-none-any.whl", hash = "sha256:ce571ab16d890d23b5c278547ba694193a45011ff86a9162a71307ed9f86759a", size = 53175, upload-time = "2025-08-09T07:57:26.864Z" },
]

[[package]]
name = "geoip2"
version = "2.9.0"
source = { registry = "https://pypi.org/simple" }
dependencies = [
    { name = "maxminddb" },
    { name = "requests" },
]
sdist = { url = "https://files.pythonhosted.org/packages/2e/68/44a14494b019a0b05a581608ae1962363a757722d4db6b8c1e2445817e19/geoip2-2.9.0.tar.gz", hash = "sha256:f7ffe9d258e71a42cf622ce6350d976de1d0312b9f2fbce3975c7d838b57ecf0", size = 459342, upload-time = "2018-05-25T20:10:03.688Z" }
wheels = [
    { url = "https://files.pythonhosted.org/packages/ed/17/bcbb7c0849492e218767e658c66fbf9e3420b6301072371547c4f7192d48/geoip2-2.9.0-py2.py3-none-any.whl", hash = "sha256:a37ddac2d200ffb97c736da8b8ba9d5d8dc47da6ec0f162a461b681ecac53a14", size = 18038, upload-time = "2018-05-25T20:10:05.867Z" },
]

[[package]]
name = "idna"
version = "3.10"
source = { registry = "https://pypi.org/simple" }
sdist = { url = "https://files.pythonhosted.org/packages/f1/70/7703c29685631f5a7590aa73f1f1d3fa9a380e654b86af429e0934a32f7d/idna-3.10.tar.gz", hash = "sha256:12f65c9b470abda6dc35cf8e63cc574b1c52b11df2c86030af0ac09b01b13ea9", size = 190490, upload-time = "2024-09-15T18:07:39.745Z" }
wheels = [
    { url = "https://files.pythonhosted.org/packages/76/c6/c88e154df9c4e1a2a66ccf0005a88dfb2650c1dffb6f5ce603dfbd452ce3/idna-3.10-py3-none-any.whl", hash = "sha256:946d195a0d259cbba61165e88e65941f16e9b36ea6ddb97f00452bae8b1287d3", size = 70442, upload-time = "2024-09-15T18:07:37.964Z" },
]

[[package]]
name = "lxml"
version = "6.0.1"
source = { registry = "https://pypi.org/simple" }
sdist = { url = "https://files.pythonhosted.org/packages/8f/bd/f9d01fd4132d81c6f43ab01983caea69ec9614b913c290a26738431a015d/lxml-6.0.1.tar.gz", hash = "sha256:2b3a882ebf27dd026df3801a87cf49ff791336e0f94b0fad195db77e01240690", size = 4070214, upload-time = "2025-08-22T10:37:53.525Z" }
wheels = [
    { url = "https://files.pythonhosted.org/packages/43/c4/cd757eeec4548e6652eff50b944079d18ce5f8182d2b2cf514e125e8fbcb/lxml-6.0.1-cp313-cp313-macosx_10_13_universal2.whl", hash = "sha256:485eda5d81bb7358db96a83546949c5fe7474bec6c68ef3fa1fb61a584b00eea", size = 8405139, upload-time = "2025-08-22T10:33:34.09Z" },
    { url = "https://files.pythonhosted.org/packages/ff/99/0290bb86a7403893f5e9658490c705fcea103b9191f2039752b071b4ef07/lxml-6.0.1-cp313-cp313-macosx_10_13_x86_64.whl", hash = "sha256:d12160adea318ce3d118f0b4fbdff7d1225c75fb7749429541b4d217b85c3f76", size = 4585954, upload-time = "2025-08-22T10:33:36.294Z" },
    { url = "https://files.pythonhosted.org/packages/88/a7/4bb54dd1e626342a0f7df6ec6ca44fdd5d0e100ace53acc00e9a689ead04/lxml-6.0.1-cp313-cp313-manylinux2014_aarch64.manylinux_2_17_aarch64.whl", hash = "sha256:48c8d335d8ab72f9265e7ba598ae5105a8272437403f4032107dbcb96d3f0b29", size = 4944052, upload-time = "2025-08-22T10:33:38.19Z" },
    { url = "https://files.pythonhosted.org/packages/71/8d/20f51cd07a7cbef6214675a8a5c62b2559a36d9303fe511645108887c458/lxml-6.0.1-cp313-cp313-manylinux2014_x86_64.manylinux_2_17_x86_64.whl", hash = "sha256:405e7cf9dbdbb52722c231e0f1257214202dfa192327fab3de45fd62e0554082", size = 5098885, upload-time = "2025-08-22T10:33:40.035Z" },
    { url = "https://files.pythonhosted.org/packages/5a/63/efceeee7245d45f97d548e48132258a36244d3c13c6e3ddbd04db95ff496/lxml-6.0.1-cp313-cp313-manylinux_2_26_aarch64.manylinux_2_28_aarch64.whl", hash = "sha256:299a790d403335a6a057ade46f92612ebab87b223e4e8c5308059f2dc36f45ed", size = 5017542, upload-time = "2025-08-22T10:33:41.896Z" },
    { url = "https://files.pythonhosted.org/packages/57/5d/92cb3d3499f5caba17f7933e6be3b6c7de767b715081863337ced42eb5f2/lxml-6.0.1-cp313-cp313-manylinux_2_26_i686.manylinux_2_28_i686.whl", hash = "sha256:48da704672f6f9c461e9a73250440c647638cc6ff9567ead4c3b1f189a604ee8", size = 5347303, upload-time = "2025-08-22T10:33:43.868Z" },
    { url = "https://files.pythonhosted.org/packages/69/f8/606fa16a05d7ef5e916c6481c634f40870db605caffed9d08b1a4fb6b989/lxml-6.0.1-cp313-cp313-manylinux_2_26_ppc64le.manylinux_2_28_ppc64le.whl", hash = "sha256:21e364e1bb731489e3f4d51db416f991a5d5da5d88184728d80ecfb0904b1d68", size = 5641055, upload-time = "2025-08-22T10:33:45.784Z" },
    { url = "https://files.pythonhosted.org/packages/b3/01/15d5fc74ebb49eac4e5df031fbc50713dcc081f4e0068ed963a510b7d457/lxml-6.0.1-cp313-cp313-manylinux_2_26_x86_64.manylinux_2_28_x86_64.whl", hash = "sha256:1bce45a2c32032afddbd84ed8ab092130649acb935536ef7a9559636ce7ffd4a", size = 5242719, upload-time = "2025-08-22T10:33:48.089Z" },
    { url = "https://files.pythonhosted.org/packages/42/a5/1b85e2aaaf8deaa67e04c33bddb41f8e73d07a077bf9db677cec7128bfb4/lxml-6.0.1-cp313-cp313-manylinux_2_31_armv7l.whl", hash = "sha256:fa164387ff20ab0e575fa909b11b92ff1481e6876835014e70280769920c4433", size = 4717310, upload-time = "2025-08-22T10:33:49.852Z" },
    { url = "https://files.pythonhosted.org/packages/42/23/f3bb1292f55a725814317172eeb296615db3becac8f1a059b53c51fc1da8/lxml-6.0.1-cp313-cp313-manylinux_2_38_riscv64.manylinux_2_39_riscv64.whl", hash = "sha256:7587ac5e000e1594e62278422c5783b34a82b22f27688b1074d71376424b73e8", size = 5254024, upload-time = "2025-08-22T10:33:52.22Z" },
    { url = "https://files.pythonhosted.org/packages/b4/be/4d768f581ccd0386d424bac615d9002d805df7cc8482ae07d529f60a3c1e/lxml-6.0.1-cp313-cp313-musllinux_1_2_aarch64.whl", hash = "sha256:57478424ac4c9170eabf540237125e8d30fad1940648924c058e7bc9fb9cf6dd", size = 5055335, upload-time = "2025-08-22T10:33:54.041Z" },
    { url = "https://files.pythonhosted.org/packages/40/07/ed61d1a3e77d1a9f856c4fab15ee5c09a2853fb7af13b866bb469a3a6d42/lxml-6.0.1-cp313-cp313-musllinux_1_2_armv7l.whl", hash = "sha256:09c74afc7786c10dd6afaa0be2e4805866beadc18f1d843cf517a7851151b499", size = 4784864, upload-time = "2025-08-22T10:33:56.382Z" },
    { url = "https://files.pythonhosted.org/packages/01/37/77e7971212e5c38a55431744f79dff27fd751771775165caea096d055ca4/lxml-6.0.1-cp313-cp313-musllinux_1_2_ppc64le.whl", hash = "sha256:7fd70681aeed83b196482d42a9b0dc5b13bab55668d09ad75ed26dff3be5a2f5", size = 5657173, upload-time = "2025-08-22T10:33:58.698Z" },
    { url = "https://files.pythonhosted.org/packages/32/a3/e98806d483941cd9061cc838b1169626acef7b2807261fbe5e382fcef881/lxml-6.0.1-cp313-cp313-musllinux_1_2_riscv64.whl", hash = "sha256:10a72e456319b030b3dd900df6b1f19d89adf06ebb688821636dc406788cf6ac", size = 5245896, upload-time = "2025-08-22T10:34:00.586Z" },
    { url = "https://files.pythonhosted.org/packages/07/de/9bb5a05e42e8623bf06b4638931ea8c8f5eb5a020fe31703abdbd2e83547/lxml-6.0.1-cp313-cp313-musllinux_1_2_x86_64.whl", hash = "sha256:b0fa45fb5f55111ce75b56c703843b36baaf65908f8b8d2fbbc0e249dbc127ed", size = 5267417, upload-time = "2025-08-22T10:34:02.719Z" },
    { url = "https://files.pythonhosted.org/packages/f2/43/c1cb2a7c67226266c463ef8a53b82d42607228beb763b5fbf4867e88a21f/lxml-6.0.1-cp313-cp313-win32.whl", hash = "sha256:01dab65641201e00c69338c9c2b8a0f2f484b6b3a22d10779bb417599fae32b5", size = 3610051, upload-time = "2025-08-22T10:34:04.553Z" },
    { url = "https://files.pythonhosted.org/packages/34/96/6a6c3b8aa480639c1a0b9b6faf2a63fb73ab79ffcd2a91cf28745faa22de/lxml-6.0.1-cp313-cp313-win_amd64.whl", hash = "sha256:bdf8f7c8502552d7bff9e4c98971910a0a59f60f88b5048f608d0a1a75e94d1c", size = 4009325, upload-time = "2025-08-22T10:34:06.24Z" },
    { url = "https://files.pythonhosted.org/packages/8c/66/622e8515121e1fd773e3738dae71b8df14b12006d9fb554ce90886689fd0/lxml-6.0.1-cp313-cp313-win_arm64.whl", hash = "sha256:a6aeca75959426b9fd8d4782c28723ba224fe07cfa9f26a141004210528dcbe2", size = 3670443, upload-time = "2025-08-22T10:34:07.974Z" },
    { url = "https://files.pythonhosted.org/packages/38/e3/b7eb612ce07abe766918a7e581ec6a0e5212352194001fd287c3ace945f0/lxml-6.0.1-cp314-cp314-macosx_10_13_universal2.whl", hash = "sha256:29b0e849ec7030e3ecb6112564c9f7ad6881e3b2375dd4a0c486c5c1f3a33859", size = 8426160, upload-time = "2025-08-22T10:34:10.154Z" },
    { url = "https://files.pythonhosted.org/packages/35/8f/ab3639a33595cf284fe733c6526da2ca3afbc5fd7f244ae67f3303cec654/lxml-6.0.1-cp314-cp314-macosx_10_13_x86_64.whl", hash = "sha256:02a0f7e629f73cc0be598c8b0611bf28ec3b948c549578a26111b01307fd4051", size = 4589288, upload-time = "2025-08-22T10:34:12.972Z" },
    { url = "https://files.pythonhosted.org/packages/2c/65/819d54f2e94d5c4458c1db8c1ccac9d05230b27c1038937d3d788eb406f9/lxml-6.0.1-cp314-cp314-manylinux2014_aarch64.manylinux_2_17_aarch64.whl", hash = "sha256:beab5e54de016e730875f612ba51e54c331e2fa6dc78ecf9a5415fc90d619348", size = 4964523, upload-time = "2025-08-22T10:34:15.474Z" },
    { url = "https://files.pythonhosted.org/packages/5b/4a/d4a74ce942e60025cdaa883c5a4478921a99ce8607fc3130f1e349a83b28/lxml-6.0.1-cp314-cp314-manylinux2014_x86_64.manylinux_2_17_x86_64.whl", hash = "sha256:92a08aefecd19ecc4ebf053c27789dd92c87821df2583a4337131cf181a1dffa", size = 5101108, upload-time = "2025-08-22T10:34:17.348Z" },
    { url = "https://files.pythonhosted.org/packages/cb/48/67f15461884074edd58af17b1827b983644d1fae83b3d909e9045a08b61e/lxml-6.0.1-cp314-cp314-manylinux_2_26_aarch64.manylinux_2_28_aarch64.whl", hash = "sha256:36c8fa7e177649470bc3dcf7eae6bee1e4984aaee496b9ccbf30e97ac4127fa2", size = 5053498, upload-time = "2025-08-22T10:34:19.232Z" },
    { url = "https://files.pythonhosted.org/packages/b6/d4/ec1bf1614828a5492f4af0b6a9ee2eb3e92440aea3ac4fa158e5228b772b/lxml-6.0.1-cp314-cp314-manylinux_2_26_i686.manylinux_2_28_i686.whl", hash = "sha256:5d08e0f1af6916267bb7eff21c09fa105620f07712424aaae09e8cb5dd4164d1", size = 5351057, upload-time = "2025-08-22T10:34:21.143Z" },
    { url = "https://files.pythonhosted.org/packages/65/2b/c85929dacac08821f2100cea3eb258ce5c8804a4e32b774f50ebd7592850/lxml-6.0.1-cp314-cp314-manylinux_2_26_ppc64le.manylinux_2_28_ppc64le.whl", hash = "sha256:9705cdfc05142f8c38c97a61bd3a29581ceceb973a014e302ee4a73cc6632476", size = 5671579, upload-time = "2025-08-22T10:34:23.528Z" },
    { url = "https://files.pythonhosted.org/packages/d0/36/cf544d75c269b9aad16752fd9f02d8e171c5a493ca225cb46bb7ba72868c/lxml-6.0.1-cp314-cp314-manylinux_2_26_x86_64.manylinux_2_28_x86_64.whl", hash = "sha256:74555e2da7c1636e30bff4e6e38d862a634cf020ffa591f1f63da96bf8b34772", size = 5250403, upload-time = "2025-08-22T10:34:25.642Z" },
    { url = "https://files.pythonhosted.org/packages/c2/e8/83dbc946ee598fd75fdeae6151a725ddeaab39bb321354a9468d4c9f44f3/lxml-6.0.1-cp314-cp314-manylinux_2_31_armv7l.whl", hash = "sha256:e38b5f94c5a2a5dadaddd50084098dfd005e5a2a56cd200aaf5e0a20e8941782", size = 4696712, upload-time = "2025-08-22T10:34:27.753Z" },
    { url = "https://files.pythonhosted.org/packages/f4/72/889c633b47c06205743ba935f4d1f5aa4eb7f0325d701ed2b0540df1b004/lxml-6.0.1-cp314-cp314-manylinux_2_38_riscv64.manylinux_2_39_riscv64.whl", hash = "sha256:a5ec101a92ddacb4791977acfc86c1afd624c032974bfb6a21269d1083c9bc49", size = 5268177, upload-time = "2025-08-22T10:34:29.804Z" },
    { url = "https://files.pythonhosted.org/packages/b0/b6/f42a21a1428479b66ea0da7bd13e370436aecaff0cfe93270c7e165bd2a4/lxml-6.0.1-cp314-cp314-musllinux_1_2_aarch64.whl", hash = "sha256:5c17e70c82fd777df586c12114bbe56e4e6f823a971814fd40dec9c0de518772", size = 5094648, upload-time = "2025-08-22T10:34:31.703Z" },
    { url = "https://files.pythonhosted.org/packages/51/b0/5f8c1e8890e2ee1c2053c2eadd1cb0e4b79e2304e2912385f6ca666f48b1/lxml-6.0.1-cp314-cp314-musllinux_1_2_armv7l.whl", hash = "sha256:45fdd0415a0c3d91640b5d7a650a8f37410966a2e9afebb35979d06166fd010e", size = 4745220, upload-time = "2025-08-22T10:34:33.595Z" },
    { url = "https://files.pythonhosted.org/packages/eb/f9/820b5125660dae489ca3a21a36d9da2e75dd6b5ffe922088f94bbff3b8a0/lxml-6.0.1-cp314-cp314-musllinux_1_2_ppc64le.whl", hash = "sha256:d417eba28981e720a14fcb98f95e44e7a772fe25982e584db38e5d3b6ee02e79", size = 5692913, upload-time = "2025-08-22T10:34:35.482Z" },
    { url = "https://files.pythonhosted.org/packages/23/8e/a557fae9eec236618aecf9ff35fec18df41b6556d825f3ad6017d9f6e878/lxml-6.0.1-cp314-cp314-musllinux_1_2_riscv64.whl", hash = "sha256:8e5d116b9e59be7934febb12c41cce2038491ec8fdb743aeacaaf36d6e7597e4", size = 5259816, upload-time = "2025-08-22T10:34:37.482Z" },
    { url = "https://files.pythonhosted.org/packages/fa/fd/b266cfaab81d93a539040be699b5854dd24c84e523a1711ee5f615aa7000/lxml-6.0.1-cp314-cp314-musllinux_1_2_x86_64.whl", hash = "sha256:c238f0d0d40fdcb695c439fe5787fa69d40f45789326b3bb6ef0d61c4b588d6e", size = 5276162, upload-time = "2025-08-22T10:34:39.507Z" },
    { url = "https://files.pythonhosted.org/packages/25/6c/6f9610fbf1de002048e80585ea4719591921a0316a8565968737d9f125ca/lxml-6.0.1-cp314-cp314-win32.whl", hash = "sha256:537b6cf1c5ab88cfd159195d412edb3e434fee880f206cbe68dff9c40e17a68a", size = 3669595, upload-time = "2025-08-22T10:34:41.783Z" },
    { url = "https://files.pythonhosted.org/packages/72/a5/506775e3988677db24dc75a7b03e04038e0b3d114ccd4bccea4ce0116c15/lxml-6.0.1-cp314-cp314-win_amd64.whl", hash = "sha256:911d0a2bb3ef3df55b3d97ab325a9ca7e438d5112c102b8495321105d25a441b", size = 4079818, upload-time = "2025-08-22T10:34:44.04Z" },
    { url = "https://files.pythonhosted.org/packages/0a/44/9613f300201b8700215856e5edd056d4e58dd23368699196b58877d4408b/lxml-6.0.1-cp314-cp314-win_arm64.whl", hash = "sha256:2834377b0145a471a654d699bdb3a2155312de492142ef5a1d426af2c60a0a31", size = 3753901, upload-time = "2025-08-22T10:34:45.799Z" },
]

[[package]]
name = "maxminddb"
version = "2.8.2"
source = { registry = "https://pypi.org/simple" }
sdist = { url = "https://files.pythonhosted.org/packages/94/9c/5af549744e7a1e986bddd119c0bbca7f7fa7fb72590b554cb860a0c3acb1/maxminddb-2.8.2.tar.gz", hash = "sha256:26a8e536228d8cc28c5b8f574a571a2704befce3b368ceca593a76d56b6590f9", size = 194388, upload-time = "2025-07-25T20:32:05.037Z" }
wheels = [
    { url = "https://files.pythonhosted.org/packages/bb/33/06d8d8eb2e422bbff372628c23ce09a2d51f50b9283449c5d8cef0225fe3/maxminddb-2.8.2-cp313-cp313-android_21_arm64_v8a.whl", hash = "sha256:b32a8b61e0dae09c80f41dcd6dc4a442a3cc94b7874a18931daecfea274f640c", size = 36642, upload-time = "2025-07-25T20:30:36.627Z" },
    { url = "https://files.pythonhosted.org/packages/41/c1/dca3608b85d3889760bdf98e931ac66e236f9b8da640f47461c8549fe931/maxminddb-2.8.2-cp313-cp313-android_21_x86_64.whl", hash = "sha256:5f12674cee687cd41c9be1c9ab806bd6a777864e762d5f34ec57c0afa9a21411", size = 37052, upload-time = "2025-07-25T20:30:37.912Z" },
    { url = "https://files.pythonhosted.org/packages/c1/e0/3af26974a2c267939c394d6481723021bdb67af570f948cf510f80e6aeb1/maxminddb-2.8.2-cp313-cp313-ios_13_0_arm64_iphoneos.whl", hash = "sha256:995a506a02f70a33ba5ee9f73ce737ef8cdb219bfca3177db79622ebc5624057", size = 34381, upload-time = "2025-07-25T20:30:39.363Z" },
    { url = "https://files.pythonhosted.org/packages/28/ce/26e06d888f057f98b4bc269ee0f8d0ede3dad9684d38e4033acc444b08e5/maxminddb-2.8.2-cp313-cp313-ios_13_0_arm64_iphonesimulator.whl", hash = "sha256:5ef9b7f106a1e9ee08f47cd98f7ae80fa40fc0fd40d97cf0d011266738847b52", size = 34918, upload-time = "2025-07-25T20:30:40.512Z" },
    { url = "https://files.pythonhosted.org/packages/0c/a2/0e23f5c33461d1d43d201f2c741c6318d658907833d22cec4ee475d6fab8/maxminddb-2.8.2-cp313-cp313-macosx_10_13_universal2.whl", hash = "sha256:adeceeb591755b36a0dc544b92f6d80fc5c112519f5ed8211c34d2ad796bfac0", size = 52619, upload-time = "2025-07-25T20:30:41.645Z" },
    { url = "https://files.pythonhosted.org/packages/d9/ec/3a69a57a9ba4c7d62105fe235642f744bf4ef7cd057f8019a14b1b8eea6d/maxminddb-2.8.2-cp313-cp313-macosx_10_13_x86_64.whl", hash = "sha256:5c8df08cbdafaa04f7d36a0506e342e4cd679587b56b0fad065b4777e94c8065", size = 35399, upload-time = "2025-07-25T20:30:42.804Z" },
    { url = "https://files.pythonhosted.org/packages/30/b3/b904e778e347ed40e5c82717609e1ecdcdff6c7d7ea2f844a6a20578daef/maxminddb-2.8.2-cp313-cp313-macosx_11_0_arm64.whl", hash = "sha256:3e982112e239925c2d8739f834c71539947e54747e56e66c6d960ac356432f32", size = 35165, upload-time = "2025-07-25T20:30:45.534Z" },
    { url = "https://files.pythonhosted.org/packages/34/da/685eeae2ad155d970efabad5ca86ed745665a2ff7576d8fa3d9b9bdb7f8a/maxminddb-2.8.2-cp313-cp313-manylinux2014_aarch64.manylinux_2_17_aarch64.manylinux_2_28_aarch64.whl", hash = "sha256:5ef30c32af0107e6b0b9d53f9ae949cf74ddb6882025054bd7500a7b1eb02ec0", size = 96127, upload-time = "2025-07-25T20:30:46.716Z" },
    { url = "https://files.pythonhosted.org/packages/fd/24/a7f54b2b6d808cc4dd485adc004fcd66e103d0aacbf448afd419c0c18380/maxminddb-2.8.2-cp313-cp313-manylinux2014_x86_64.manylinux_2_17_x86_64.manylinux_2_28_x86_64.whl", hash = "sha256:685df893f44606dcb1353b31762b18a2a9537015f1b9e7c0bb3ae74c9fbced32", size = 94250, upload-time = "2025-07-25T20:30:48.45Z" },
    { url = "https://files.pythonhosted.org/packages/6e/cb/bbc5c11201497d7dd42d3240141a8ec484ff704afdf6dff7a7a2de5a6291/maxminddb-2.8.2-cp313-cp313-musllinux_1_2_aarch64.whl", hash = "sha256:e3dc27c443cf27b35d4d77ff90fbc6caf1c4e28cffd967775b11cf993af5b9d1", size = 93399, upload-time = "2025-07-25T20:30:50.052Z" },
    { url = "https://files.pythonhosted.org/packages/c8/e6/521c750ea7480fbe362b7bb2821937544313fd3b697f30f4c1975b85c816/maxminddb-2.8.2-cp313-cp313-musllinux_1_2_x86_64.whl", hash = "sha256:742e857b4411ae3d59c555c2aa96856f72437374cf668c3bed18647092584af6", size = 92250, upload-time = "2025-07-25T20:30:51.259Z" },
    { url = "https://files.pythonhosted.org/packages/c2/4b/9a522ba96a48882c7a954636411f05994573af2eed4b93b511ca6ea3d023/maxminddb-2.8.2-cp313-cp313-win32.whl", hash = "sha256:1fba9c16f5e492eee16362e8204aaec30241167a3466874ca9b0521dec32d63e", size = 34759, upload-time = "2025-07-25T20:30:52.936Z" },
    { url = "https://files.pythonhosted.org/packages/e8/4a/e0d7451b56821fe0ec794a917cceb67efac8510013783cc5713b733d5ff4/maxminddb-2.8.2-cp313-cp313-win_amd64.whl", hash = "sha256:cfbfee615d2566124cb6232401d89f15609f5297eb4f022f1f6a14205c091df6", size = 36771, upload-time = "2025-07-25T20:30:54.076Z" },
    { url = "https://files.pythonhosted.org/packages/71/27/abffb686514905994ef26191971ca30765c45e391d82ee2ea6b2ecfe1bad/maxminddb-2.8.2-cp313-cp313-win_arm64.whl", hash = "sha256:2ade954d94087039fc45de99eeae0e2f0480d69a767abd417bd0742bf5d177ab", size = 33041, upload-time = "2025-07-25T20:30:55.567Z" },
    { url = "https://files.pythonhosted.org/packages/03/d2/844530632ef917f622742d6d5beae5c3ebed7d424af02bf428b639e42a41/maxminddb-2.8.2-cp314-cp314-ios_13_0_arm64_iphoneos.whl", hash = "sha256:7d5db6d4f8caaf7b753a0f6782765ea5352409ef6d430196b0dc7c61c0a8c72b", size = 34384, upload-time = "2025-07-25T20:30:57.046Z" },
    { url = "https://files.pythonhosted.org/packages/ee/6c/ff9555963983d99a201a5068ab037c92583cd8422046d7064e2cab92c09f/maxminddb-2.8.2-cp314-cp314-ios_13_0_arm64_iphonesimulator.whl", hash = "sha256:bda6015f617b4ec6f1a49ae74b1a36c10d997602d3e9141514ef11983e6ddf8d", size = 34929, upload-time = "2025-07-25T20:30:58.194Z" },
    { url = "https://files.pythonhosted.org/packages/aa/c2/8d093e973edb1ca0ad54a80f124b4e8d1db5508a00c0f98765d0df6bd4d5/maxminddb-2.8.2-cp314-cp314-macosx_10_13_universal2.whl", hash = "sha256:4e32f5608af05bc0b6cee91edd0698f6a310ae9dd0f3cebfb524a6b444c003a2", size = 52616, upload-time = "2025-07-25T20:30:59.294Z" },
    { url = "https://files.pythonhosted.org/packages/5d/85/8442162353c28ff0679f348d2099f24d9be9b84f9ffa1ed21e8ecafe64dc/maxminddb-2.8.2-cp314-cp314-macosx_10_13_x86_64.whl", hash = "sha256:5abf18c51f3a3e5590ea77d43bff159a9f88cec1f95a7e3fc2a39a21fc8f9e7c", size = 35405, upload-time = "2025-07-25T20:31:00.821Z" },
    { url = "https://files.pythonhosted.org/packages/14/df/f37d5b2605ae0f1d3f87d45ddbab032f36b2cae29f80f02c390001b35677/maxminddb-2.8.2-cp314-cp314-macosx_11_0_arm64.whl", hash = "sha256:3c8d57063ff2c6d0690e5d907a10b5b6ba64e0ab5e6d8661b6075fbda854e97d", size = 35174, upload-time = "2025-07-25T20:31:02.112Z" },
    { url = "https://files.pythonhosted.org/packages/32/12/5d562de6243b8631f9480b7deac92cb62ec5ae8aecd4e3ccdaecfc177c24/maxminddb-2.8.2-cp314-cp314-manylinux2014_aarch64.manylinux_2_17_aarch64.manylinux_2_28_aarch64.whl", hash = "sha256:73d603c7202e1338bdbb3ead8a3db4f74825e419ecc8733ef8a76c14366800d2", size = 96060, upload-time = "2025-07-25T20:31:03.318Z" },
    { url = "https://files.pythonhosted.org/packages/3a/95/04c8c2526e4c0c0d2894052c7d07f39c9b8d1185bd2da5752de2effc287a/maxminddb-2.8.2-cp314-cp314-manylinux2014_x86_64.manylinux_2_17_x86_64.manylinux_2_28_x86_64.whl", hash = "sha256:acca37ed0372efa01251da32db1a5d81189369449bc4b943d3087ebc9e30e814", size = 94013, upload-time = "2025-07-25T20:31:04.592Z" },
    { url = "https://files.pythonhosted.org/packages/c7/98/7870de3e5cf362c567c0a9cf7a8834d3699fe0a52e601fc352c902d3ebc7/maxminddb-2.8.2-cp314-cp314-musllinux_1_2_aarch64.whl", hash = "sha256:1e1e3ef04a686cf7d893a8274ddc0081bd40121ac4923b67e8caa902094ac111", size = 93350, upload-time = "2025-07-25T20:31:05.815Z" },
    { url = "https://files.pythonhosted.org/packages/e3/ef/7eb25529011cf0e18fb529792ad5225b402a3e80728cfbd7604e53c5ada3/maxminddb-2.8.2-cp314-cp314-musllinux_1_2_x86_64.whl", hash = "sha256:c6657615038d8fe106acccd2bf4fe073d07f72886ee893725c74649687635a1a", size = 92036, upload-time = "2025-07-25T20:31:07.03Z" },
    { url = "https://files.pythonhosted.org/packages/0c/9d/12926eac198a920a2c4f9ce6e57de33d47a6c40ccb1637362abfd268f017/maxminddb-2.8.2-cp314-cp314-win32.whl", hash = "sha256:af058500ab3448b709c43f1aefd3d9f7c5f1773af07611d589502ea78bf2b9dc", size = 35403, upload-time = "2025-07-25T20:31:08.221Z" },
    { url = "https://files.pythonhosted.org/packages/c6/eb/48636b611f604bb072b26be16e6990694bbfdd57553622a784b17c1999c7/maxminddb-2.8.2-cp314-cp314-win_amd64.whl", hash = "sha256:b5982d1b53b50b96a9afcf4f7f49db0a842501f9cf58c4c16c0d62c1b0d22840", size = 37559, upload-time = "2025-07-25T20:31:09.448Z" },
    { url = "https://files.pythonhosted.org/packages/05/4a/27e53d1b9b7b168f259bbfccec1d1383d51c07e112d7bd24e543042e07a1/maxminddb-2.8.2-cp314-cp314-win_arm64.whl", hash = "sha256:48c9f7e182c6e970a412c02e7438c2a66197c0664d0c7da81b951bff86519dd5", size = 33614, upload-time = "2025-07-25T20:31:10.555Z" },
    { url = "https://files.pythonhosted.org/packages/eb/43/e49927eb381fb44c9a06a5ac06da039951fde90bf47f100b495f082d6b37/maxminddb-2.8.2-cp314-cp314t-macosx_10_13_universal2.whl", hash = "sha256:b40ed2ec586a5a479d08bd39838fbfbdff84d7deb57089317f312609f1357384", size = 53708, upload-time = "2025-07-25T20:31:11.642Z" },
    { url = "https://files.pythonhosted.org/packages/8b/d0/ff081ac508358b3a9ca1f0b39d5bf74904aa644b45d2d6d8b9112ad9566e/maxminddb-2.8.2-cp314-cp314t-macosx_10_13_x86_64.whl", hash = "sha256:1ba4036f823a8e6418af0d69734fb176e3d1edd0432e218f3be8362564b53ea5", size = 35925, upload-time = "2025-07-25T20:31:12.804Z" },
    { url = "https://files.pythonhosted.org/packages/bc/30/f94d3acca0314f038a4f1cb83ccbdf0a56b9f13454bab9667af0506ecca0/maxminddb-2.8.2-cp314-cp314t-macosx_11_0_arm64.whl", hash = "sha256:96531e18bddff9639061ee543417f941a2fd41efc7b1699e1e18aba4157b0b03", size = 35757, upload-time = "2025-07-25T20:31:14.322Z" },
    { url = "https://files.pythonhosted.org/packages/b0/21/5710a5aa7f83453fcf36cee11ed113c110a53cdc5a4ecf82904be797101b/maxminddb-2.8.2-cp314-cp314t-manylinux2014_aarch64.manylinux_2_17_aarch64.manylinux_2_28_aarch64.whl", hash = "sha256:bb77ad5c585d6255001d701eafc4758e2d28953ba47510d9f54cc2a9e469c6b6", size = 104991, upload-time = "2025-07-25T20:31:15.542Z" },
    { url = "https://files.pythonhosted.org/packages/47/0c/8cf559f850c3e43e6f490fad458293fdb0b70debbe3fcbf7d7713558044f/maxminddb-2.8.2-cp314-cp314t-manylinux2014_x86_64.manylinux_2_17_x86_64.manylinux_2_28_x86_64.whl", hash = "sha256:3bfd950af416ef4133bc04b059f29ac4d4b356927fa4a500048220d65ec4c6ac", size = 101935, upload-time = "2025-07-25T20:31:16.83Z" },
    { url = "https://files.pythonhosted.org/packages/02/47/104ef451772d1cd852dea2334c2dfb02d6de7caf8d31e1358f10b9af6769/maxminddb-2.8.2-cp314-cp314t-musllinux_1_2_aarch64.whl", hash = "sha256:3bf73612f8fbfa9181ba62fa88fb3d732bdc775017bdb3725e24cdd1a0da92d4", size = 101653, upload-time = "2025-07-25T20:31:18.104Z" },
    { url = "https://files.pythonhosted.org/packages/60/03/139791f82e3857d4d0638494647f74d997a2abded7048ab4ed4622a089ad/maxminddb-2.8.2-cp314-cp314t-musllinux_1_2_x86_64.whl", hash = "sha256:74361fbddb0566970af38cff0a6256ec3f445cb5031da486d0cee6f19ccb9e2e", size = 99517, upload-time = "2025-07-25T20:31:19.764Z" },
    { url = "https://files.pythonhosted.org/packages/4c/45/c625fc2b84b8dcf2181eb411f130729446164215409c8e0c8fd01a53f388/maxminddb-2.8.2-cp314-cp314t-win32.whl", hash = "sha256:6bfb41c3a560a60fc20d0d87cb400003974fbb833b44571250476c2d9cb4d407", size = 36349, upload-time = "2025-07-25T20:31:21.004Z" },
    { url = "https://files.pythonhosted.org/packages/27/8d/46c202be273fd8ec985686e1fdd84ad55c7234dc66d82d6d59e5caf438e4/maxminddb-2.8.2-cp314-cp314t-win_amd64.whl", hash = "sha256:ec6bba1b1f0fd0846aac5b0af1f84804c67702e873aa9d79c9965794a635ada8", size = 38595, upload-time = "2025-07-25T20:31:22.185Z" },
    { url = "https://files.pythonhosted.org/packages/62/33/09601f476fd9d494e967f15c1e05aa1e35bdf5ee54555596e05e5c9ec8c9/maxminddb-2.8.2-cp314-cp314t-win_arm64.whl", hash = "sha256:929a00528db82ffa5aa928a9cd1a972e8f93c36243609c25574dfd920c21533b", size = 33990, upload-time = "2025-07-25T20:31:23.367Z" },
]

[[package]]
name = "odoo19"
version = "0.1.0"
source = { virtual = "." }
dependencies = [
    { name = "geoip2" },
    { name = "ofxparse" },
    { name = "passlib" },
    { name = "polib" },
    { name = "pyserial" },
    { name = "pytz" },
    { name = "pyusb" },
    { name = "vobject" },
    { name = "xlwt" },
]

[package.metadata]
requires-dist = [
    { name = "geoip2", specifier = "==2.9.0" },
    { name = "ofxparse", specifier = "==0.21" },
    { name = "passlib", specifier = "==1.7.4" },
    { name = "polib", specifier = "==1.1.1" },
    { name = "pyserial", specifier = "==3.5" },
    { name = "pytz", specifier = ">=2025.2" },
    { name = "pyusb", specifier = "==1.2.1" },
    { name = "vobject", specifier = "==0.9.6.1" },
    { name = "xlwt", specifier = "==1.3.0" },
]

[[package]]
name = "ofxparse"
version = "0.21"
source = { registry = "https://pypi.org/simple" }
dependencies = [
    { name = "beautifulsoup4" },
    { name = "lxml" },
    { name = "six" },
]
sdist = { url = "https://files.pythonhosted.org/packages/45/ae/98a2acfd06d15869c4b1be7fb74849c8a67cf15b65181f1fe879547e7494/ofxparse-0.21.tar.gz", hash = "sha256:057ab68d31270dece4d1a47662096aa76341968aaee145ffc711cb44cbd5c4a7", size = 53837, upload-time = "2021-05-31T03:38:59.526Z" }

[[package]]
name = "passlib"
version = "1.7.4"
source = { registry = "https://pypi.org/simple" }
sdist = { url = "https://files.pythonhosted.org/packages/b6/06/9da9ee59a67fae7761aab3ccc84fa4f3f33f125b370f1ccdb915bf967c11/passlib-1.7.4.tar.gz", hash = "sha256:defd50f72b65c5402ab2c573830a6978e5f202ad0d984793c8dde2c4152ebe04", size = 689844, upload-time = "2020-10-08T19:00:52.121Z" }
wheels = [
    { url = "https://files.pythonhosted.org/packages/3b/a4/ab6b7589382ca3df236e03faa71deac88cae040af60c071a78d254a62172/passlib-1.7.4-py2.py3-none-any.whl", hash = "sha256:aa6bca462b8d8bda89c70b382f0c298a20b5560af6cbfa2dce410c0a2fb669f1", size = 525554, upload-time = "2020-10-08T19:00:49.856Z" },
]

[[package]]
name = "polib"
version = "1.1.1"
source = { registry = "https://pypi.org/simple" }
sdist = { url = "https://files.pythonhosted.org/packages/de/37/88ad2639cb4396755e87e97229d268bfa8bae0aeb6c7f9b01e9f49e10dff/polib-1.1.1.tar.gz", hash = "sha256:e02c355ae5e054912e3b0d16febc56510eff7e49d60bf22aecb463bd2f2a2dfa", size = 154644, upload-time = "2021-03-26T22:22:55.04Z" }
wheels = [
    { url = "https://files.pythonhosted.org/packages/9e/ee/54d6c558d4319a26145658584acb373d50ba0968eb9c19fedfb42458314a/polib-1.1.1-py2.py3-none-any.whl", hash = "sha256:d3ee85e0c6788f789353416b1612c6c92d75fe6ccfac0029711974d6abd0f86d", size = 20183, upload-time = "2021-03-26T22:22:57.134Z" },
]

[[package]]
name = "pyserial"
version = "3.5"
source = { registry = "https://pypi.org/simple" }
sdist = { url = "https://files.pythonhosted.org/packages/1e/7d/ae3f0a63f41e4d2f6cb66a5b57197850f919f59e558159a4dd3a818f5082/pyserial-3.5.tar.gz", hash = "sha256:3c77e014170dfffbd816e6ffc205e9842efb10be9f58ec16d3e8675b4925cddb", size = 159125, upload-time = "2020-11-23T03:59:15.045Z" }
wheels = [
    { url = "https://files.pythonhosted.org/packages/07/bc/587a445451b253b285629263eb51c2d8e9bcea4fc97826266d186f96f558/pyserial-3.5-py2.py3-none-any.whl", hash = "sha256:c4451db6ba391ca6ca299fb3ec7bae67a5c55dde170964c7a14ceefec02f2cf0", size = 90585, upload-time = "2020-11-23T03:59:13.41Z" },
]

[[package]]
name = "python-dateutil"
version = "2.9.0.post0"
source = { registry = "https://pypi.org/simple" }
dependencies = [
    { name = "six" },
]
sdist = { url = "https://files.pythonhosted.org/packages/66/c0/0c8b6ad9f17a802ee498c46e004a0eb49bc148f2fd230864601a86dcf6db/python-dateutil-2.9.0.post0.tar.gz", hash = "sha256:37dd54208da7e1cd875388217d5e00ebd4179249f90fb72437e91a35459a0ad3", size = 342432, upload-time = "2024-03-01T18:36:20.211Z" }
wheels = [
    { url = "https://files.pythonhosted.org/packages/ec/57/56b9bcc3c9c6a792fcbaf139543cee77261f3651ca9da0c93f5c1221264b/python_dateutil-2.9.0.post0-py2.py3-none-any.whl", hash = "sha256:a8b2bc7bffae282281c8140a97d3aa9c14da0b136dfe83f850eea9a5f7470427", size = 229892, upload-time = "2024-03-01T18:36:18.57Z" },
]

[[package]]
name = "pytz"
version = "2025.2"
source = { registry = "https://pypi.org/simple" }
sdist = { url = "https://files.pythonhosted.org/packages/f8/bf/abbd3cdfb8fbc7fb3d4d38d320f2441b1e7cbe29be4f23797b4a2b5d8aac/pytz-2025.2.tar.gz", hash = "sha256:360b9e3dbb49a209c21ad61809c7fb453643e048b38924c765813546746e81c3", size = 320884, upload-time = "2025-03-25T02:25:00.538Z" }
wheels = [
    { url = "https://files.pythonhosted.org/packages/81/c4/34e93fe5f5429d7570ec1fa436f1986fb1f00c3e0f43a589fe2bbcd22c3f/pytz-2025.2-py2.py3-none-any.whl", hash = "sha256:5ddf76296dd8c44c26eb8f4b6f35488f3ccbf6fbbd7adee0b7262d43f0ec2f00", size = 509225, upload-time = "2025-03-25T02:24:58.468Z" },
]

[[package]]
name = "pyusb"
version = "1.2.1"
source = { registry = "https://pypi.org/simple" }
sdist = { url = "https://files.pythonhosted.org/packages/d9/6e/433a5614132576289b8643fe598dd5d51b16e130fd591564be952e15bb45/pyusb-1.2.1.tar.gz", hash = "sha256:a4cc7404a203144754164b8b40994e2849fde1cfff06b08492f12fff9d9de7b9", size = 75292, upload-time = "2021-07-09T02:58:46.962Z" }
wheels = [
    { url = "https://files.pythonhosted.org/packages/15/a8/4982498b2ab44d1fcd5c49f07ea3795eab01601dc143b009d333fcace3b9/pyusb-1.2.1-py3-none-any.whl", hash = "sha256:2b4c7cb86dbadf044dfb9d3a4ff69fd217013dbe78a792177a3feb172449ea36", size = 58439, upload-time = "2021-07-09T02:58:44.894Z" },
]

[[package]]
name = "requests"
version = "2.32.5"
source = { registry = "https://pypi.org/simple" }
dependencies = [
    { name = "certifi" },
    { name = "charset-normalizer" },
    { name = "idna" },
    { name = "urllib3" },
]
sdist = { url = "https://files.pythonhosted.org/packages/c9/74/b3ff8e6c8446842c3f5c837e9c3dfcfe2018ea6ecef224c710c85ef728f4/requests-2.32.5.tar.gz", hash = "sha256:dbba0bac56e100853db0ea71b82b4dfd5fe2bf6d3754a8893c3af500cec7d7cf", size = 134517, upload-time = "2025-08-18T20:46:02.573Z" }
wheels = [
    { url = "https://files.pythonhosted.org/packages/1e/db/4254e3eabe8020b458f1a747140d32277ec7a271daf1d235b70dc0b4e6e3/requests-2.32.5-py3-none-any.whl", hash = "sha256:2462f94637a34fd532264295e186976db0f5d453d1cdd31473c85a6a161affb6", size = 64738, upload-time = "2025-08-18T20:46:00.542Z" },
]

[[package]]
name = "six"
version = "1.17.0"
source = { registry = "https://pypi.org/simple" }
sdist = { url = "https://files.pythonhosted.org/packages/94/e7/b2c673351809dca68a0e064b6af791aa332cf192da575fd474ed7d6f16a2/six-1.17.0.tar.gz", hash = "sha256:ff70335d468e7eb6ec65b95b99d3a2836546063f63acc5171de367e834932a81", size = 34031, upload-time = "2024-12-04T17:35:28.174Z" }
wheels = [
    { url = "https://files.pythonhosted.org/packages/b7/ce/149a00dd41f10bc29e5921b496af8b574d8413afcd5e30dfa0ed46c2cc5e/six-1.17.0-py2.py3-none-any.whl", hash = "sha256:4721f391ed90541fddacab5acf947aa0d3dc7d27b2e1e8eda2be8970586c3274", size = 11050, upload-time = "2024-12-04T17:35:26.475Z" },
]

[[package]]
name = "soupsieve"
version = "2.8"
source = { registry = "https://pypi.org/simple" }
sdist = { url = "https://files.pythonhosted.org/packages/6d/e6/21ccce3262dd4889aa3332e5a119a3491a95e8f60939870a3a035aabac0d/soupsieve-2.8.tar.gz", hash = "sha256:e2dd4a40a628cb5f28f6d4b0db8800b8f581b65bb380b97de22ba5ca8d72572f", size = 103472, upload-time = "2025-08-27T15:39:51.78Z" }
wheels = [
    { url = "https://files.pythonhosted.org/packages/14/a0/bb38d3b76b8cae341dad93a2dd83ab7462e6dbcdd84d43f54ee60a8dc167/soupsieve-2.8-py3-none-any.whl", hash = "sha256:0cc76456a30e20f5d7f2e14a98a4ae2ee4e5abdc7c5ea0aafe795f344bc7984c", size = 36679, upload-time = "2025-08-27T15:39:50.179Z" },
]

[[package]]
name = "typing-extensions"
version = "4.15.0"
source = { registry = "https://pypi.org/simple" }
sdist = { url = "https://files.pythonhosted.org/packages/72/94/1a15dd82efb362ac84269196e94cf00f187f7ed21c242792a923cdb1c61f/typing_extensions-4.15.0.tar.gz", hash = "sha256:0cea48d173cc12fa28ecabc3b837ea3cf6f38c6d1136f85cbaaf598984861466", size = 109391, upload-time = "2025-08-25T13:49:26.313Z" }
wheels = [
    { url = "https://files.pythonhosted.org/packages/18/67/36e9267722cc04a6b9f15c7f3441c2363321a3ea07da7ae0c0707beb2a9c/typing_extensions-4.15.0-py3-none-any.whl", hash = "sha256:f0fa19c6845758ab08074a0cfa8b7aecb71c999ca73d62883bc25cc018c4e548", size = 44614, upload-time = "2025-08-25T13:49:24.86Z" },
]

[[package]]
name = "urllib3"
version = "2.5.0"
source = { registry = "https://pypi.org/simple" }
sdist = { url = "https://files.pythonhosted.org/packages/15/22/9ee70a2574a4f4599c47dd506532914ce044817c7752a79b6a51286319bc/urllib3-2.5.0.tar.gz", hash = "sha256:3fc47733c7e419d4bc3f6b3dc2b4f890bb743906a30d56ba4a5bfa4bbff92760", size = 393185, upload-time = "2025-06-18T14:07:41.644Z" }
wheels = [
    { url = "https://files.pythonhosted.org/packages/a7/c2/fe1e52489ae3122415c51f387e221dd0773709bad6c6cdaa599e8a2c5185/urllib3-2.5.0-py3-none-any.whl", hash = "sha256:e6b01673c0fa6a13e374b50871808eb3bf7046c4b125b216f6bf1cc604cff0dc", size = 129795, upload-time = "2025-06-18T14:07:40.39Z" },
]

[[package]]
name = "vobject"
version = "0.9.6.1"
source = { registry = "https://pypi.org/simple" }
dependencies = [
    { name = "python-dateutil" },
]
sdist = { url = "https://files.pythonhosted.org/packages/da/ce/27c48c0e39cc69ffe7f6e3751734f6073539bf18a0cfe564e973a3709a52/vobject-0.9.6.1.tar.gz", hash = "sha256:96512aec74b90abb71f6b53898dd7fe47300cc940104c4f79148f0671f790101", size = 58556, upload-time = "2018-07-18T16:03:43.067Z" }

[[package]]
name = "xlwt"
version = "1.3.0"
source = { registry = "https://pypi.org/simple" }
sdist = { url = "https://files.pythonhosted.org/packages/06/97/56a6f56ce44578a69343449aa5a0d98eefe04085d69da539f3034e2cd5c1/xlwt-1.3.0.tar.gz", hash = "sha256:c59912717a9b28f1a3c2a98fd60741014b06b043936dcecbc113eaaada156c88", size = 153929, upload-time = "2017-08-22T06:47:16.498Z" }
wheels = [
    { url = "https://files.pythonhosted.org/packages/44/48/def306413b25c3d01753603b1a222a011b8621aed27cd7f89cbc27e6b0f4/xlwt-1.3.0-py2.py3-none-any.whl", hash = "sha256:a082260524678ba48a297d922cc385f58278b8aa68741596a87de01a9c628b2e", size = 99981, upload-time = "2017-08-22T06:47:15.281Z" },
]
